
Microsoft Visual Studio Solution File, Format Version 12.00
# Visual Studio Version 17
VisualStudioVersion = 17.14.36603.0 d17.14
MinimumVisualStudioVersion = 10.0.40219.1
Project("{FAE04EC0-301F-11D3-BF4B-00C04F79EFBC}") = "Bibliotheque.Model", "Model\Bibliotheque.Model.csproj", "{6EE4335A-A21F-4D15-A9A4-F6C94D731758}"
EndProject
Project("{FAE04EC0-301F-11D3-BF4B-00C04F79EFBC}") = "Bibliotheque.ViewModels", "ViewModel\Bibliotheque.ViewModels.csproj", "{6089C9A8-7238-4E2A-BB88-7042E752F61D}"
EndProject
Project("{FAE04EC0-301F-11D3-BF4B-00C04F79EFBC}") = "View", "View\View.csproj", "{A9BC78D7-26A2-4647-BF17-B7E5368507E1}"
EndProject
Project("{FAE04EC0-301F-11D3-BF4B-00C04F79EFBC}") = "Bibliotheque.Services", "Services\Bibliotheque.Services.csproj", "{B94BE9A2-2C92-4B60-AE4F-681DF9C8EF30}"
EndProject
Project("{FAE04EC0-301F-11D3-BF4B-00C04F79EFBC}") = "Tests", "Tests\Tests.csproj", "{98EF5A5E-B690-4470-860C-570099EF9176}"
EndProject
Global
	GlobalSection(SolutionConfigurationPlatforms) = preSolution
		Debug|Any CPU = Debug|Any CPU
		Release|Any CPU = Release|Any CPU
	EndGlobalSection
	GlobalSection(ProjectConfigurationPlatforms) = postSolution
		{6EE4335A-A21F-4D15-A9A4-F6C94D731758}.Debug|Any CPU.ActiveCfg = Debug|Any CPU
		{6EE4335A-A21F-4D15-A9A4-F6C94D731758}.Debug|Any CPU.Build.0 = Debug|Any CPU
		{6EE4335A-A21F-4D15-A9A4-F6C94D731758}.Release|Any CPU.ActiveCfg = Release|Any CPU
		{6EE4335A-A21F-4D15-A9A4-F6C94D731758}.Release|Any CPU.Build.0 = Release|Any CPU
		{6089C9A8-7238-4E2A-BB88-7042E752F61D}.Debug|Any CPU.ActiveCfg = Debug|Any CPU
		{6089C9A8-7238-4E2A-BB88-7042E752F61D}.Debug|Any CPU.Build.0 = Debug|Any CPU
		{6089C9A8-7238-4E2A-BB88-7042E752F61D}.Release|Any CPU.ActiveCfg = Release|Any CPU
		{6089C9A8-7238-4E2A-BB88-7042E752F61D}.Release|Any CPU.Build.0 = Release|Any CPU
		{A9BC78D7-26A2-4647-BF17-B7E5368507E1}.Debug|Any CPU.ActiveCfg = Debug|Any CPU
		{A9BC78D7-26A2-4647-BF17-B7E5368507E1}.Debug|Any CPU.Build.0 = Debug|Any CPU
		{A9BC78D7-26A2-4647-BF17-B7E5368507E1}.Release|Any CPU.ActiveCfg = Release|Any CPU
		{A9BC78D7-26A2-4647-BF17-B7E5368507E1}.Release|Any CPU.Build.0 = Release|Any CPU
		{B94BE9A2-2C92-4B60-AE4F-681DF9C8EF30}.Debug|Any CPU.ActiveCfg = Debug|Any CPU
		{B94BE9A2-2C92-4B60-AE4F-681DF9C8EF30}.Debug|Any CPU.Build.0 = Debug|Any CPU
		{B94BE9A2-2C92-4B60-AE4F-681DF9C8EF30}.Release|Any CPU.ActiveCfg = Release|Any CPU
		{B94BE9A2-2C92-4B60-AE4F-681DF9C8EF30}.Release|Any CPU.Build.0 = Release|Any CPU
		{98EF5A5E-B690-4470-860C-570099EF9176}.Debug|Any CPU.ActiveCfg = Debug|Any CPU
		{98EF5A5E-B690-4470-860C-570099EF9176}.Debug|Any CPU.Build.0 = Debug|Any CPU
		{98EF5A5E-B690-4470-860C-570099EF9176}.Release|Any CPU.ActiveCfg = Release|Any CPU
		{98EF5A5E-B690-4470-860C-570099EF9176}.Release|Any CPU.Build.0 = Release|Any CPU
	EndGlobalSection
	GlobalSection(SolutionProperties) = preSolution
		HideSolutionNode = FALSE
	EndGlobalSection
	GlobalSection(ExtensibilityGlobals) = postSolution
		SolutionGuid = {B8CAE767-B68C-4C25-AA27-C9CEB5076BB7}
	EndGlobalSection
EndGlobal
